
Microsoft Visual Studio Solution File, Format Version 12.00
# Visual Studio Version 17
VisualStudioVersion = 17.9.34607.119
MinimumVisualStudioVersion = 10.0.40219.1
Project("{FAE04EC0-301F-11D3-BF4B-00C04F79EFBC}") = "ConnectFour", "ConnectFour\ConnectFour.csproj", "{226B29B1-01DE-49CA-9638-C75A3CA34729}"
EndProject
Global
	GlobalSection(SolutionConfigurationPlatforms) = preSolution
		Debug|Any CPU = Debug|Any CPU
		Release|Any CPU = Release|Any CPU
	EndGlobalSection
	GlobalSection(ProjectConfigurationPlatforms) = postSolution
		{226B29B1-01DE-49CA-9638-C75A3CA34729}.Debug|Any CPU.ActiveCfg = Debug|Any CPU
		{226B29B1-01DE-49CA-9638-C75A3CA34729}.Debug|Any CPU.Build.0 = Debug|Any CPU
		{226B29B1-01DE-49CA-9638-C75A3CA34729}.Release|Any CPU.ActiveCfg = Release|Any CPU
		{226B29B1-01DE-49CA-9638-C75A3CA34729}.Release|Any CPU.Build.0 = Release|Any CPU
	EndGlobalSection
	GlobalSection(SolutionProperties) = preSolution
		HideSolutionNode = FALSE
	EndGlobalSection
	GlobalSection(ExtensibilityGlobals) = postSolution
		SolutionGuid = {4952D11B-E6F4-4FA2-8CB2-F6B3E16BDFE0}
	EndGlobalSection
EndGlobal
